// !$*UTF8*$!
{
	archiveVersion = 1;
	classes = {
	};
	objectVersion = 46;
	objects = {

/* Begin PBXBuildFile section */
		5DC5B70A1A99172B00BCAB73 /* main.m in Sources */ = {isa = PBXBuildFile; fileRef = 5DC5B7091A99172B00BCAB73 /* main.m */; };
		5DC5B70D1A99172B00BCAB73 /* AppDelegate.m in Sources */ = {isa = PBXBuildFile; fileRef = 5DC5B70C1A99172B00BCAB73 /* AppDelegate.m */; };
		5DC5B7101A99172B00BCAB73 /* ViewController.m in Sources */ = {isa = PBXBuildFile; fileRef = 5DC5B70F1A99172B00BCAB73 /* ViewController.m */; };
		5DC5B7131A99172B00BCAB73 /* Main.storyboard in Resources */ = {isa = PBXBuildFile; fileRef = 5DC5B7111A99172B00BCAB73 /* Main.storyboard */; };
		5DC5B7151A99172B00BCAB73 /* Images.xcassets in Resources */ = {isa = PBXBuildFile; fileRef = 5DC5B7141A99172B00BCAB73 /* Images.xcassets */; };
		5DC5B7181A99172B00BCAB73 /* LaunchScreen.xib in Resources */ = {isa = PBXBuildFile; fileRef = 5DC5B7161A99172B00BCAB73 /* LaunchScreen.xib */; };
		5DC5B7241A99172B00BCAB73 /* TwitterTests.m in Sources */ = {isa = PBXBuildFile; fileRef = 5DC5B7231A99172B00BCAB73 /* TwitterTests.m */; };
/* End PBXBuildFile section */

/* Begin PBXContainerItemProxy section */
		5DC5B71E1A99172B00BCAB73 /* PBXContainerItemProxy */ = {
			isa = PBXContainerItemProxy;
			containerPortal = 5DC5B6FC1A99172B00BCAB73 /* Project object */;
			proxyType = 1;
			remoteGlobalIDString = 5DC5B7031A99172B00BCAB73;
			remoteInfo = Twitter;
		};
/* End PBXContainerItemProxy section */

/* Begin PBXFileReference section */
		5DC5B7041A99172B00BCAB73 /* Twitter.app */ = {isa = PBXFileReference; explicitFileType = wrapper.application; includeInIndex = 0; path = Twitter.app; sourceTree = BUILT_PRODUCTS_DIR; };
		5DC5B7081A99172B00BCAB73 /* Info.plist */ = {isa = PBXFileReference; lastKnownFileType = text.plist.xml; path = Info.plist; sourceTree = "<group>"; };
		5DC5B7091A99172B00BCAB73 /* main.m */ = {isa = PBXFileReference; lastKnownFileType = sourcecode.c.objc; path = main.m; sourceTree = "<group>"; };
		5DC5B70B1A99172B00BCAB73 /* AppDelegate.h */ = {isa = PBXFileReference; lastKnownFileType = sourcecode.c.h; path = AppDelegate.h; sourceTree = "<group>"; };
		5DC5B70C1A99172B00BCAB73 /* AppDelegate.m */ = {isa = PBXFileReference; lastKnownFileType = sourcecode.c.objc; path = AppDelegate.m; sourceTree = "<group>"; };
		5DC5B70E1A99172B00BCAB73 /* ViewController.h */ = {isa = PBXFileReference; lastKnownFileType = sourcecode.c.h; path = ViewController.h; sourceTree = "<group>"; };
		5DC5B70F1A99172B00BCAB73 /* ViewController.m */ = {isa = PBXFileReference; lastKnownFileType = sourcecode.c.objc; path = ViewController.m; sourceTree = "<group>"; };
		5DC5B7121A99172B00BCAB73 /* Base */ = {isa = PBXFileReference; lastKnownFileType = file.storyboard; name = Base; path = Base.lproj/Main.storyboard; sourceTree = "<group>"; };
		5DC5B7141A99172B00BCAB73 /* Images.xcassets */ = {isa = PBXFileReference; lastKnownFileType = folder.assetcatalog; path = Images.xcassets; sourceTree = "<group>"; };
		5DC5B7171A99172B00BCAB73 /* Base */ = {isa = PBXFileReference; lastKnownFileType = file.xib; name = Base; path = Base.lproj/LaunchScreen.xib; sourceTree = "<group>"; };
		5DC5B71D1A99172B00BCAB73 /* TwitterTests.xctest */ = {isa = PBXFileReference; explicitFileType = wrapper.cfbundle; includeInIndex = 0; path = TwitterTests.xctest; sourceTree = BUILT_PRODUCTS_DIR; };
		5DC5B7221A99172B00BCAB73 /* Info.plist */ = {isa = PBXFileReference; lastKnownFileType = text.plist.xml; path = Info.plist; sourceTree = "<group>"; };
		5DC5B7231A99172B00BCAB73 /* TwitterTests.m */ = {isa = PBXFileReference; lastKnownFileType = sourcecode.c.objc; path = TwitterTests.m; sourceTree = "<group>"; };
/* End PBXFileReference section */

/* Begin PBXFrameworksBuildPhase section */
		5DC5B7011A99172B00BCAB73 /* Frameworks */ = {
			isa = PBXFrameworksBuildPhase;
			buildActionMask = 2147483647;
			files = (
			);
			runOnlyForDeploymentPostprocessing = 0;
		};
		5DC5B71A1A99172B00BCAB73 /* Frameworks */ = {
			isa = PBXFrameworksBuildPhase;
			buildActionMask = 2147483647;
			files = (
			);
			runOnlyForDeploymentPostprocessing = 0;
		};
/* End PBXFrameworksBuildPhase section */

/* Begin PBXGroup section */
		5DC5B6FB1A99172B00BCAB73 = {
			isa = PBXGroup;
			children = (
				5DC5B7061A99172B00BCAB73 /* Twitter */,
				5DC5B7201A99172B00BCAB73 /* TwitterTests */,
				5DC5B7051A99172B00BCAB73 /* Products */,
			);
			sourceTree = "<group>";
		};
		5DC5B7051A99172B00BCAB73 /* Products */ = {
			isa = PBXGroup;
			children = (
				5DC5B7041A99172B00BCAB73 /* Twitter.app */,
				5DC5B71D1A99172B00BCAB73 /* TwitterTests.xctest */,
			);
			name = Products;
			sourceTree = "<group>";
		};
		5DC5B7061A99172B00BCAB73 /* Twitter */ = {
			isa = PBXGroup;
			children = (
				5DC5B70B1A99172B00BCAB73 /* AppDelegate.h */,
				5DC5B70C1A99172B00BCAB73 /* AppDelegate.m */,
				5DC5B70E1A99172B00BCAB73 /* ViewController.h */,
				5DC5B70F1A99172B00BCAB73 /* ViewController.m */,
				5DC5B7111A99172B00BCAB73 /* Main.storyboard */,
				5DC5B7141A99172B00BCAB73 /* Images.xcassets */,
				5DC5B7161A99172B00BCAB73 /* LaunchScreen.xib */,
				5DC5B7071A99172B00BCAB73 /* Supporting Files */,
			);
			path = Twitter;
			sourceTree = "<group>";
		};
		5DC5B7071A99172B00BCAB73 /* Supporting Files */ = {
			isa = PBXGroup;
			children = (
				5DC5B7081A99172B00BCAB73 /* Info.plist */,
				5DC5B7091A99172B00BCAB73 /* main.m */,
			);
			name = "Supporting Files";
			sourceTree = "<group>";
		};
		5DC5B7201A99172B00BCAB73 /* TwitterTests */ = {
			isa = PBXGroup;
			children = (
				5DC5B7231A99172B00BCAB73 /* TwitterTests.m */,
				5DC5B7211A99172B00BCAB73 /* Supporting Files */,
			);
			path = TwitterTests;
			sourceTree = "<group>";
		};
		5DC5B7211A99172B00BCAB73 /* Supporting Files */ = {
			isa = PBXGroup;
			children = (
				5DC5B7221A99172B00BCAB73 /* Info.plist */,
			);
			name = "Supporting Files";
			sourceTree = "<group>";
		};
/* End PBXGroup section */

/* Begin PBXNativeTarget section */
		5DC5B7031A99172B00BCAB73 /* Twitter */ = {
			isa = PBXNativeTarget;
			buildConfigurationList = 5DC5B7271A99172B00BCAB73 /* Build configuration list for PBXNativeTarget "Twitter" */;
			buildPhases = (
				5DC5B7001A99172B00BCAB73 /* Sources */,
				5DC5B7011A99172B00BCAB73 /* Frameworks */,
				5DC5B7021A99172B00BCAB73 /* Resources */,
			);
			buildRules = (
			);
			dependencies = (
			);
			name = Twitter;
			productName = Twitter;
			productReference = 5DC5B7041A99172B00BCAB73 /* Twitter.app */;
			productType = "com.apple.product-type.application";
		};
		5DC5B71C1A99172B00BCAB73 /* TwitterTests */ = {
			isa = PBXNativeTarget;
			buildConfigurationList = 5DC5B72A1A99172B00BCAB73 /* Build configuration list for PBXNativeTarget "TwitterTests" */;
			buildPhases = (
				5DC5B7191A99172B00BCAB73 /* Sources */,
				5DC5B71A1A99172B00BCAB73 /* Frameworks */,
				5DC5B71B1A99172B00BCAB73 /* Resources */,
			);
			buildRules = (
			);
			dependencies = (
				5DC5B71F1A99172B00BCAB73 /* PBXTargetDependency */,
			);
			name = TwitterTests;
			productName = TwitterTests;
			productReference = 5DC5B71D1A99172B00BCAB73 /* TwitterTests.xctest */;
			productType = "com.apple.product-type.bundle.unit-test";
		};
/* End PBXNativeTarget section */

/* Begin PBXProject section */
		5DC5B6FC1A99172B00BCAB73 /* Project object */ = {
			isa = PBXProject;
			attributes = {
				LastUpgradeCheck = 0610;
				ORGANIZATIONNAME = "Dan Hipschman";
				TargetAttributes = {
					5DC5B7031A99172B00BCAB73 = {
						CreatedOnToolsVersion = 6.1.1;
					};
					5DC5B71C1A99172B00BCAB73 = {
						CreatedOnToolsVersion = 6.1.1;
						TestTargetID = 5DC5B7031A99172B00BCAB73;
					};
				};
			};
			buildConfigurationList = 5DC5B6FF1A99172B00BCAB73 /* Build configuration list for PBXProject "Twitter" */;
			compatibilityVersion = "Xcode 3.2";
			developmentRegion = English;
			hasScannedForEncodings = 0;
			knownRegions = (
				en,
				Base,
			);
			mainGroup = 5DC5B6FB1A99172B00BCAB73;
			productRefGroup = 5DC5B7051A99172B00BCAB73 /* Products */;
			projectDirPath = "";
			projectRoot = "";
			targets = (
				5DC5B7031A99172B00BCAB73 /* Twitter */,
				5DC5B71C1A99172B00BCAB73 /* TwitterTests */,
			);
		};
/* End PBXProject section */

/* Begin PBXResourcesBuildPhase section */
		5DC5B7021A99172B00BCAB73 /* Resources */ = {
			isa = PBXResourcesBuildPhase;
			buildActionMask = 2147483647;
			files = (
				5DC5B7131A99172B00BCAB73 /* Main.storyboard in Resources */,
				5DC5B7181A99172B00BCAB73 /* LaunchScreen.xib in Resources */,
				5DC5B7151A99172B00BCAB73 /* Images.xcassets in Resources */,
			);
			runOnlyForDeploymentPostprocessing = 0;
		};
		5DC5B71B1A99172B00BCAB73 /* Resources */ = {
			isa = PBXResourcesBuildPhase;
			buildActionMask = 2147483647;
			files = (
			);
			runOnlyForDeploymentPostprocessing = 0;
		};
/* End PBXResourcesBuildPhase section */

/* Begin PBXSourcesBuildPhase section */
		5DC5B7001A99172B00BCAB73 /* Sources */ = {
			isa = PBXSourcesBuildPhase;
			buildActionMask = 2147483647;
			files = (
				5DC5B7101A99172B00BCAB73 /* ViewController.m in Sources */,
				5DC5B70D1A99172B00BCAB73 /* AppDelegate.m in Sources */,
				5DC5B70A1A99172B00BCAB73 /* main.m in Sources */,
			);
			runOnlyForDeploymentPostprocessing = 0;
		};
		5DC5B7191A99172B00BCAB73 /* Sources */ = {
			isa = PBXSourcesBuildPhase;
			buildActionMask = 2147483647;
			files = (
				5DC5B7241A99172B00BCAB73 /* TwitterTests.m in Sources */,
			);
			runOnlyForDeploymentPostprocessing = 0;
		};
/* End PBXSourcesBuildPhase section */

/* Begin PBXTargetDependency section */
		5DC5B71F1A99172B00BCAB73 /* PBXTargetDependency */ = {
			isa = PBXTargetDependency;
			target = 5DC5B7031A99172B00BCAB73 /* Twitter */;
			targetProxy = 5DC5B71E1A99172B00BCAB73 /* PBXContainerItemProxy */;
		};
/* End PBXTargetDependency section */

/* Begin PBXVariantGroup section */
		5DC5B7111A99172B00BCAB73 /* Main.storyboard */ = {
			isa = PBXVariantGroup;
			children = (
				5DC5B7121A99172B00BCAB73 /* Base */,
			);
			name = Main.storyboard;
			sourceTree = "<group>";
		};
		5DC5B7161A99172B00BCAB73 /* LaunchScreen.xib */ = {
			isa = PBXVariantGroup;
			children = (
				5DC5B7171A99172B00BCAB73 /* Base */,
			);
			name = LaunchScreen.xib;
			sourceTree = "<group>";
		};
/* End PBXVariantGroup section */

/* Begin XCBuildConfiguration section */
		5DC5B7251A99172B00BCAB73 /* Debug */ = {
			isa = XCBuildConfiguration;
			buildSettings = {
				ALWAYS_SEARCH_USER_PATHS = NO;
				CLANG_CXX_LANGUAGE_STANDARD = "gnu++0x";
				CLANG_CXX_LIBRARY = "libc++";
				CLANG_ENABLE_MODULES = YES;
				CLANG_ENABLE_OBJC_ARC = YES;
				CLANG_WARN_BOOL_CONVERSION = YES;
				CLANG_WARN_CONSTANT_CONVERSION = YES;
				CLANG_WARN_DIRECT_OBJC_ISA_USAGE = YES_ERROR;
				CLANG_WARN_EMPTY_BODY = YES;
				CLANG_WARN_ENUM_CONVERSION = YES;
				CLANG_WARN_INT_CONVERSION = YES;
				CLANG_WARN_OBJC_ROOT_CLASS = YES_ERROR;
				CLANG_WARN_UNREACHABLE_CODE = YES;
				CLANG_WARN__DUPLICATE_METHOD_MATCH = YES;
				"CODE_SIGN_IDENTITY[sdk=iphoneos*]" = "iPhone Developer";
				COPY_PHASE_STRIP = NO;
				ENABLE_STRICT_OBJC_MSGSEND = YES;
				GCC_C_LANGUAGE_STANDARD = gnu99;
				GCC_DYNAMIC_NO_PIC = NO;
				GCC_OPTIMIZATION_LEVEL = 0;
				GCC_PREPROCESSOR_DEFINITIONS = (
					"DEBUG=1",
					"$(inherited)",
				);
				GCC_SYMBOLS_PRIVATE_EXTERN = NO;
				GCC_WARN_64_TO_32_BIT_CONVERSION = YES;
				GCC_WARN_ABOUT_RETURN_TYPE = YES_ERROR;
				GCC_WARN_UNDECLARED_SELECTOR = YES;
				GCC_WARN_UNINITIALIZED_AUTOS = YES_AGGRESSIVE;
				GCC_WARN_UNUSED_FUNCTION = YES;
				GCC_WARN_UNUSED_VARIABLE = YES;
				IPHONEOS_DEPLOYMENT_TARGET = 8.1;
				MTL_ENABLE_DEBUG_INFO = YES;
				ONLY_ACTIVE_ARCH = YES;
				SDKROOT = iphoneos;
			};
			name = Debug;
		};
		5DC5B7261A99172B00BCAB73 /* Release */ = {
			isa = XCBuildConfiguration;
			buildSettings = {
				ALWAYS_SEARCH_USER_PATHS = NO;
				CLANG_CXX_LANGUAGE_STANDARD = "gnu++0x";
				CLANG_CXX_LIBRARY = "libc++";
				CLANG_ENABLE_MODULES = YES;
				CLANG_ENABLE_OBJC_ARC = YES;
				CLANG_WARN_BOOL_CONVERSION = YES;
				CLANG_WARN_CONSTANT_CONVERSION = YES;
				CLANG_WARN_DIRECT_OBJC_ISA_USAGE = YES_ERROR;
				CLANG_WARN_EMPTY_BODY = YES;
				CLANG_WARN_ENUM_CONVERSION = YES;
				CLANG_WARN_INT_CONVERSION = YES;
				CLANG_WARN_OBJC_ROOT_CLASS = YES_ERROR;
				CLANG_WARN_UNREACHABLE_CODE = YES;
				CLANG_WARN__DUPLICATE_METHOD_MATCH = YES;
				"CODE_SIGN_IDENTITY[sdk=iphoneos*]" = "iPhone Developer";
				COPY_PHASE_STRIP = YES;
				ENABLE_NS_ASSERTIONS = NO;
				ENABLE_STRICT_OBJC_MSGSEND = YES;
				GCC_C_LANGUAGE_STANDARD = gnu99;
				GCC_WARN_64_TO_32_BIT_CONVERSION = YES;
				GCC_WARN_ABOUT_RETURN_TYPE = YES_ERROR;
				GCC_WARN_UNDECLARED_SELECTOR = YES;
				GCC_WARN_UNINITIALIZED_AUTOS = YES_AGGRESSIVE;
				GCC_WARN_UNUSED_FUNCTION = YES;
				GCC_WARN_UNUSED_VARIABLE = YES;
				IPHONEOS_DEPLOYMENT_TARGET = 8.1;
				MTL_ENABLE_DEBUG_INFO = NO;
				SDKROOT = iphoneos;
				VALIDATE_PRODUCT = YES;
			};
			name = Release;
		};
		5DC5B7281A99172B00BCAB73 /* Debug */ = {
			isa = XCBuildConfiguration;
			buildSettings = {
				ASSETCATALOG_COMPILER_APPICON_NAME = AppIcon;
				INFOPLIST_FILE = Twitter/Info.plist;
				LD_RUNPATH_SEARCH_PATHS = "$(inherited) @executable_path/Frameworks";
				PRODUCT_NAME = "$(TARGET_NAME)";
			};
			name = Debug;
		};
		5DC5B7291A99172B00BCAB73 /* Release */ = {
			isa = XCBuildConfiguration;
			buildSettings = {
				ASSETCATALOG_COMPILER_APPICON_NAME = AppIcon;
				INFOPLIST_FILE = Twitter/Info.plist;
				LD_RUNPATH_SEARCH_PATHS = "$(inherited) @executable_path/Frameworks";
				PRODUCT_NAME = "$(TARGET_NAME)";
			};
			name = Release;
		};
		5DC5B72B1A99172B00BCAB73 /* Debug */ = {
			isa = XCBuildConfiguration;
			buildSettings = {
				BUNDLE_LOADER = "$(TEST_HOST)";
				FRAMEWORK_SEARCH_PATHS = (
					"$(SDKROOT)/Developer/Library/Frameworks",
					"$(inherited)",
				);
				GCC_PREPROCESSOR_DEFINITIONS = (
					"DEBUG=1",
					"$(inherited)",
				);
				INFOPLIST_FILE = TwitterTests/Info.plist;
				LD_RUNPATH_SEARCH_PATHS = "$(inherited) @executable_path/Frameworks @loader_path/Frameworks";
				PRODUCT_NAME = "$(TARGET_NAME)";
				TEST_HOST = "$(BUILT_PRODUCTS_DIR)/Twitter.app/Twitter";
			};
			name = Debug;
		};
		5DC5B72C1A99172B00BCAB73 /* Release */ = {
			isa = XCBuildConfiguration;
			buildSettings = {
				BUNDLE_LOADER = "$(TEST_HOST)";
				FRAMEWORK_SEARCH_PATHS = (
					"$(SDKROOT)/Developer/Library/Frameworks",
					"$(inherited)",
				);
				INFOPLIST_FILE = TwitterTests/Info.plist;
				LD_RUNPATH_SEARCH_PATHS = "$(inherited) @executable_path/Frameworks @loader_path/Frameworks";
				PRODUCT_NAME = "$(TARGET_NAME)";
				TEST_HOST = "$(BUILT_PRODUCTS_DIR)/Twitter.app/Twitter";
			};
			name = Release;
		};
/* End XCBuildConfiguration section */

/* Begin XCConfigurationList section */
		5DC5B6FF1A99172B00BCAB73 /* Build configuration list for PBXProject "Twitter" */ = {
			isa = XCConfigurationList;
			buildConfigurations = (
				5DC5B7251A99172B00BCAB73 /* Debug */,
				5DC5B7261A99172B00BCAB73 /* Release */,
			);
			defaultConfigurationIsVisible = 0;
			defaultConfigurationName = Release;
		};
		5DC5B7271A99172B00BCAB73 /* Build configuration list for PBXNativeTarget "Twitter" */ = {
			isa = XCConfigurationList;
			buildConfigurations = (
				5DC5B7281A99172B00BCAB73 /* Debug */,
				5DC5B7291A99172B00BCAB73 /* Release */,
			);
			defaultConfigurationIsVisible = 0;
		};
		5DC5B72A1A99172B00BCAB73 /* Build configuration list for PBXNativeTarget "TwitterTests" */ = {
			isa = XCConfigurationList;
			buildConfigurations = (
				5DC5B72B1A99172B00BCAB73 /* Debug */,
				5DC5B72C1A99172B00BCAB73 /* Release */,
			);
			defaultConfigurationIsVisible = 0;
		};
/* End XCConfigurationList section */
	};
	rootObject = 5DC5B6FC1A99172B00BCAB73 /* Project object */;
}
